
Microsoft Visual Studio Solution File, Format Version 12.00
# Visual Studio Version 16
VisualStudioVersion = 16.0.30114.105
MinimumVisualStudioVersion = 10.0.40219.1
Project("{9A19103F-16F7-4668-BE54-9A1E7A4F7556}") = "Api.Application", "Projeto1\Api.Application.csproj", "{39A26428-4E2A-4E74-867B-E26C4AAFA25A}"
EndProject
Project("{9A19103F-16F7-4668-BE54-9A1E7A4F7556}") = "Api.Domain", "Api.Domain\Api.Domain.csproj", "{C2EE0E26-D3B6-4AC8-BAA9-A27A1EFD9D91}"
EndProject
Project("{9A19103F-16F7-4668-BE54-9A1E7A4F7556}") = "Api.CrossCutting", "Api.CrossCutting\Api.CrossCutting.csproj", "{B83E81C0-883D-4DC4-A6A8-56B4F565BDA9}"
EndProject
Project("{9A19103F-16F7-4668-BE54-9A1E7A4F7556}") = "Api.Data", "Api.Data\Api.Data.csproj", "{B3264497-9C87-4820-AEAC-75D76D16F316}"
EndProject
Project("{9A19103F-16F7-4668-BE54-9A1E7A4F7556}") = "Api.Service", "Api.Service\Api.Service.csproj", "{5FDC2937-258B-467F-A726-34FA7C83A803}"
EndProject
Project("{2150E333-8FDC-42A3-9474-1A3956D46DE8}") = "Tests", "Tests", "{550685FD-070A-44C3-A9B8-795D6E967F94}"
EndProject
Project("{9A19103F-16F7-4668-BE54-9A1E7A4F7556}") = "Api.Data.Test", "Api.Data.Test\Api.Data.Test.csproj", "{701A0F65-1AA4-4E49-8155-3FA9EA869B3B}"
EndProject
Project("{9A19103F-16F7-4668-BE54-9A1E7A4F7556}") = "Api.Service.Test", "Api.Service.Test\Api.Service.Test.csproj", "{6EFCCDF5-0255-45F7-A646-7078E3819703}"
EndProject
Project("{FAE04EC0-301F-11D3-BF4B-00C04F79EFBC}") = "Api.Application.Test", "Api.Application.Test\Api.Application.Test.csproj", "{70A3EA7F-8205-4A63-BDBB-FB2CEB1D7FB9}"
EndProject
Project("{FAE04EC0-301F-11D3-BF4B-00C04F79EFBC}") = "Api.Integration.Test", "Api.Integration.Test\Api.Integration.Test.csproj", "{27DDE15D-C529-4B94-A7D8-E0A24B8B4F3B}"
EndProject
Global
	GlobalSection(SolutionConfigurationPlatforms) = preSolution
		Debug|Any CPU = Debug|Any CPU
		Debug|x64 = Debug|x64
		Debug|x86 = Debug|x86
		Release|Any CPU = Release|Any CPU
		Release|x64 = Release|x64
		Release|x86 = Release|x86
	EndGlobalSection
	GlobalSection(ProjectConfigurationPlatforms) = postSolution
		{39A26428-4E2A-4E74-867B-E26C4AAFA25A}.Debug|Any CPU.ActiveCfg = Debug|Any CPU
		{39A26428-4E2A-4E74-867B-E26C4AAFA25A}.Debug|Any CPU.Build.0 = Debug|Any CPU
		{39A26428-4E2A-4E74-867B-E26C4AAFA25A}.Debug|x64.ActiveCfg = Debug|Any CPU
		{39A26428-4E2A-4E74-867B-E26C4AAFA25A}.Debug|x64.Build.0 = Debug|Any CPU
		{39A26428-4E2A-4E74-867B-E26C4AAFA25A}.Debug|x86.ActiveCfg = Debug|Any CPU
		{39A26428-4E2A-4E74-867B-E26C4AAFA25A}.Debug|x86.Build.0 = Debug|Any CPU
		{39A26428-4E2A-4E74-867B-E26C4AAFA25A}.Release|Any CPU.ActiveCfg = Release|Any CPU
		{39A26428-4E2A-4E74-867B-E26C4AAFA25A}.Release|Any CPU.Build.0 = Release|Any CPU
		{39A26428-4E2A-4E74-867B-E26C4AAFA25A}.Release|x64.ActiveCfg = Release|Any CPU
		{39A26428-4E2A-4E74-867B-E26C4AAFA25A}.Release|x64.Build.0 = Release|Any CPU
		{39A26428-4E2A-4E74-867B-E26C4AAFA25A}.Release|x86.ActiveCfg = Release|Any CPU
		{39A26428-4E2A-4E74-867B-E26C4AAFA25A}.Release|x86.Build.0 = Release|Any CPU
		{C2EE0E26-D3B6-4AC8-BAA9-A27A1EFD9D91}.Debug|Any CPU.ActiveCfg = Debug|Any CPU
		{C2EE0E26-D3B6-4AC8-BAA9-A27A1EFD9D91}.Debug|Any CPU.Build.0 = Debug|Any CPU
		{C2EE0E26-D3B6-4AC8-BAA9-A27A1EFD9D91}.Debug|x64.ActiveCfg = Debug|Any CPU
		{C2EE0E26-D3B6-4AC8-BAA9-A27A1EFD9D91}.Debug|x64.Build.0 = Debug|Any CPU
		{C2EE0E26-D3B6-4AC8-BAA9-A27A1EFD9D91}.Debug|x86.ActiveCfg = Debug|Any CPU
		{C2EE0E26-D3B6-4AC8-BAA9-A27A1EFD9D91}.Debug|x86.Build.0 = Debug|Any CPU
		{C2EE0E26-D3B6-4AC8-BAA9-A27A1EFD9D91}.Release|Any CPU.ActiveCfg = Release|Any CPU
		{C2EE0E26-D3B6-4AC8-BAA9-A27A1EFD9D91}.Release|Any CPU.Build.0 = Release|Any CPU
		{C2EE0E26-D3B6-4AC8-BAA9-A27A1EFD9D91}.Release|x64.ActiveCfg = Release|Any CPU
		{C2EE0E26-D3B6-4AC8-BAA9-A27A1EFD9D91}.Release|x64.Build.0 = Release|Any CPU
		{C2EE0E26-D3B6-4AC8-BAA9-A27A1EFD9D91}.Release|x86.ActiveCfg = Release|Any CPU
		{C2EE0E26-D3B6-4AC8-BAA9-A27A1EFD9D91}.Release|x86.Build.0 = Release|Any CPU
		{B83E81C0-883D-4DC4-A6A8-56B4F565BDA9}.Debug|Any CPU.ActiveCfg = Debug|Any CPU
		{B83E81C0-883D-4DC4-A6A8-56B4F565BDA9}.Debug|Any CPU.Build.0 = Debug|Any CPU
		{B83E81C0-883D-4DC4-A6A8-56B4F565BDA9}.Debug|x64.ActiveCfg = Debug|Any CPU
		{B83E81C0-883D-4DC4-A6A8-56B4F565BDA9}.Debug|x64.Build.0 = Debug|Any CPU
		{B83E81C0-883D-4DC4-A6A8-56B4F565BDA9}.Debug|x86.ActiveCfg = Debug|Any CPU
		{B83E81C0-883D-4DC4-A6A8-56B4F565BDA9}.Debug|x86.Build.0 = Debug|Any CPU
		{B83E81C0-883D-4DC4-A6A8-56B4F565BDA9}.Release|Any CPU.ActiveCfg = Release|Any CPU
		{B83E81C0-883D-4DC4-A6A8-56B4F565BDA9}.Release|Any CPU.Build.0 = Release|Any CPU
		{B83E81C0-883D-4DC4-A6A8-56B4F565BDA9}.Release|x64.ActiveCfg = Release|Any CPU
		{B83E81C0-883D-4DC4-A6A8-56B4F565BDA9}.Release|x64.Build.0 = Release|Any CPU
		{B83E81C0-883D-4DC4-A6A8-56B4F565BDA9}.Release|x86.ActiveCfg = Release|Any CPU
		{B83E81C0-883D-4DC4-A6A8-56B4F565BDA9}.Release|x86.Build.0 = Release|Any CPU
		{B3264497-9C87-4820-AEAC-75D76D16F316}.Debug|Any CPU.ActiveCfg = Debug|Any CPU
		{B3264497-9C87-4820-AEAC-75D76D16F316}.Debug|Any CPU.Build.0 = Debug|Any CPU
		{B3264497-9C87-4820-AEAC-75D76D16F316}.Debug|x64.ActiveCfg = Debug|Any CPU
		{B3264497-9C87-4820-AEAC-75D76D16F316}.Debug|x64.Build.0 = Debug|Any CPU
		{B3264497-9C87-4820-AEAC-75D76D16F316}.Debug|x86.ActiveCfg = Debug|Any CPU
		{B3264497-9C87-4820-AEAC-75D76D16F316}.Debug|x86.Build.0 = Debug|Any CPU
		{B3264497-9C87-4820-AEAC-75D76D16F316}.Release|Any CPU.ActiveCfg = Release|Any CPU
		{B3264497-9C87-4820-AEAC-75D76D16F316}.Release|Any CPU.Build.0 = Release|Any CPU
		{B3264497-9C87-4820-AEAC-75D76D16F316}.Release|x64.ActiveCfg = Release|Any CPU
		{B3264497-9C87-4820-AEAC-75D76D16F316}.Release|x64.Build.0 = Release|Any CPU
		{B3264497-9C87-4820-AEAC-75D76D16F316}.Release|x86.ActiveCfg = Release|Any CPU
		{B3264497-9C87-4820-AEAC-75D76D16F316}.Release|x86.Build.0 = Release|Any CPU
		{5FDC2937-258B-467F-A726-34FA7C83A803}.Debug|Any CPU.ActiveCfg = Debug|Any CPU
		{5FDC2937-258B-467F-A726-34FA7C83A803}.Debug|Any CPU.Build.0 = Debug|Any CPU
		{5FDC2937-258B-467F-A726-34FA7C83A803}.Debug|x64.ActiveCfg = Debug|Any CPU
		{5FDC2937-258B-467F-A726-34FA7C83A803}.Debug|x64.Build.0 = Debug|Any CPU
		{5FDC2937-258B-467F-A726-34FA7C83A803}.Debug|x86.ActiveCfg = Debug|Any CPU
		{5FDC2937-258B-467F-A726-34FA7C83A803}.Debug|x86.Build.0 = Debug|Any CPU
		{5FDC2937-258B-467F-A726-34FA7C83A803}.Release|Any CPU.ActiveCfg = Release|Any CPU
		{5FDC2937-258B-467F-A726-34FA7C83A803}.Release|Any CPU.Build.0 = Release|Any CPU
		{5FDC2937-258B-467F-A726-34FA7C83A803}.Release|x64.ActiveCfg = Release|Any CPU
		{5FDC2937-258B-467F-A726-34FA7C83A803}.Release|x64.Build.0 = Release|Any CPU
		{5FDC2937-258B-467F-A726-34FA7C83A803}.Release|x86.ActiveCfg = Release|Any CPU
		{5FDC2937-258B-467F-A726-34FA7C83A803}.Release|x86.Build.0 = Release|Any CPU
		{701A0F65-1AA4-4E49-8155-3FA9EA869B3B}.Debug|Any CPU.ActiveCfg = Debug|Any CPU
		{701A0F65-1AA4-4E49-8155-3FA9EA869B3B}.Debug|Any CPU.Build.0 = Debug|Any CPU
		{701A0F65-1AA4-4E49-8155-3FA9EA869B3B}.Debug|x64.ActiveCfg = Debug|Any CPU
		{701A0F65-1AA4-4E49-8155-3FA9EA869B3B}.Debug|x64.Build.0 = Debug|Any CPU
		{701A0F65-1AA4-4E49-8155-3FA9EA869B3B}.Debug|x86.ActiveCfg = Debug|Any CPU
		{701A0F65-1AA4-4E49-8155-3FA9EA869B3B}.Debug|x86.Build.0 = Debug|Any CPU
		{701A0F65-1AA4-4E49-8155-3FA9EA869B3B}.Release|Any CPU.ActiveCfg = Release|Any CPU
		{701A0F65-1AA4-4E49-8155-3FA9EA869B3B}.Release|Any CPU.Build.0 = Release|Any CPU
		{701A0F65-1AA4-4E49-8155-3FA9EA869B3B}.Release|x64.ActiveCfg = Release|Any CPU
		{701A0F65-1AA4-4E49-8155-3FA9EA869B3B}.Release|x64.Build.0 = Release|Any CPU
		{701A0F65-1AA4-4E49-8155-3FA9EA869B3B}.Release|x86.ActiveCfg = Release|Any CPU
		{701A0F65-1AA4-4E49-8155-3FA9EA869B3B}.Release|x86.Build.0 = Release|Any CPU
		{6EFCCDF5-0255-45F7-A646-7078E3819703}.Debug|Any CPU.ActiveCfg = Debug|Any CPU
		{6EFCCDF5-0255-45F7-A646-7078E3819703}.Debug|Any CPU.Build.0 = Debug|Any CPU
		{6EFCCDF5-0255-45F7-A646-7078E3819703}.Debug|x64.ActiveCfg = Debug|Any CPU
		{6EFCCDF5-0255-45F7-A646-7078E3819703}.Debug|x64.Build.0 = Debug|Any CPU
		{6EFCCDF5-0255-45F7-A646-7078E3819703}.Debug|x86.ActiveCfg = Debug|Any CPU
		{6EFCCDF5-0255-45F7-A646-7078E3819703}.Debug|x86.Build.0 = Debug|Any CPU
		{6EFCCDF5-0255-45F7-A646-7078E3819703}.Release|Any CPU.ActiveCfg = Release|Any CPU
		{6EFCCDF5-0255-45F7-A646-7078E3819703}.Release|Any CPU.Build.0 = Release|Any CPU
		{6EFCCDF5-0255-45F7-A646-7078E3819703}.Release|x64.ActiveCfg = Release|Any CPU
		{6EFCCDF5-0255-45F7-A646-7078E3819703}.Release|x64.Build.0 = Release|Any CPU
		{6EFCCDF5-0255-45F7-A646-7078E3819703}.Release|x86.ActiveCfg = Release|Any CPU
		{6EFCCDF5-0255-45F7-A646-7078E3819703}.Release|x86.Build.0 = Release|Any CPU
		{70A3EA7F-8205-4A63-BDBB-FB2CEB1D7FB9}.Debug|Any CPU.ActiveCfg = Debug|Any CPU
		{70A3EA7F-8205-4A63-BDBB-FB2CEB1D7FB9}.Debug|Any CPU.Build.0 = Debug|Any CPU
		{70A3EA7F-8205-4A63-BDBB-FB2CEB1D7FB9}.Debug|x64.ActiveCfg = Debug|Any CPU
		{70A3EA7F-8205-4A63-BDBB-FB2CEB1D7FB9}.Debug|x64.Build.0 = Debug|Any CPU
		{70A3EA7F-8205-4A63-BDBB-FB2CEB1D7FB9}.Debug|x86.ActiveCfg = Debug|Any CPU
		{70A3EA7F-8205-4A63-BDBB-FB2CEB1D7FB9}.Debug|x86.Build.0 = Debug|Any CPU
		{70A3EA7F-8205-4A63-BDBB-FB2CEB1D7FB9}.Release|Any CPU.ActiveCfg = Release|Any CPU
		{70A3EA7F-8205-4A63-BDBB-FB2CEB1D7FB9}.Release|Any CPU.Build.0 = Release|Any CPU
		{70A3EA7F-8205-4A63-BDBB-FB2CEB1D7FB9}.Release|x64.ActiveCfg = Release|Any CPU
		{70A3EA7F-8205-4A63-BDBB-FB2CEB1D7FB9}.Release|x64.Build.0 = Release|Any CPU
		{70A3EA7F-8205-4A63-BDBB-FB2CEB1D7FB9}.Release|x86.ActiveCfg = Release|Any CPU
		{70A3EA7F-8205-4A63-BDBB-FB2CEB1D7FB9}.Release|x86.Build.0 = Release|Any CPU
		{27DDE15D-C529-4B94-A7D8-E0A24B8B4F3B}.Debug|Any CPU.ActiveCfg = Debug|Any CPU
		{27DDE15D-C529-4B94-A7D8-E0A24B8B4F3B}.Debug|Any CPU.Build.0 = Debug|Any CPU
		{27DDE15D-C529-4B94-A7D8-E0A24B8B4F3B}.Debug|x64.ActiveCfg = Debug|Any CPU
		{27DDE15D-C529-4B94-A7D8-E0A24B8B4F3B}.Debug|x64.Build.0 = Debug|Any CPU
		{27DDE15D-C529-4B94-A7D8-E0A24B8B4F3B}.Debug|x86.ActiveCfg = Debug|Any CPU
		{27DDE15D-C529-4B94-A7D8-E0A24B8B4F3B}.Debug|x86.Build.0 = Debug|Any CPU
		{27DDE15D-C529-4B94-A7D8-E0A24B8B4F3B}.Release|Any CPU.ActiveCfg = Release|Any CPU
		{27DDE15D-C529-4B94-A7D8-E0A24B8B4F3B}.Release|Any CPU.Build.0 = Release|Any CPU
		{27DDE15D-C529-4B94-A7D8-E0A24B8B4F3B}.Release|x64.ActiveCfg = Release|Any CPU
		{27DDE15D-C529-4B94-A7D8-E0A24B8B4F3B}.Release|x64.Build.0 = Release|Any CPU
		{27DDE15D-C529-4B94-A7D8-E0A24B8B4F3B}.Release|x86.ActiveCfg = Release|Any CPU
		{27DDE15D-C529-4B94-A7D8-E0A24B8B4F3B}.Release|x86.Build.0 = Release|Any CPU
	EndGlobalSection
	GlobalSection(SolutionProperties) = preSolution
		HideSolutionNode = FALSE
	EndGlobalSection
	GlobalSection(NestedProjects) = preSolution
		{701A0F65-1AA4-4E49-8155-3FA9EA869B3B} = {550685FD-070A-44C3-A9B8-795D6E967F94}
		{6EFCCDF5-0255-45F7-A646-7078E3819703} = {550685FD-070A-44C3-A9B8-795D6E967F94}
		{70A3EA7F-8205-4A63-BDBB-FB2CEB1D7FB9} = {550685FD-070A-44C3-A9B8-795D6E967F94}
		{27DDE15D-C529-4B94-A7D8-E0A24B8B4F3B} = {550685FD-070A-44C3-A9B8-795D6E967F94}
	EndGlobalSection
	GlobalSection(ExtensibilityGlobals) = postSolution
		SolutionGuid = {FCB355DF-155B-4658-95A6-F2EA5DFD4ED4}
	EndGlobalSection
EndGlobal
